<?xml version="1.0" encoding="utf-8"?>
<Project ToolsVersion="4.0" xmlns="http://schemas.microsoft.com/developer/msbuild/2003">
  <ItemGroup>
    <ClCompile Include="Source.cpp" />
    <ClCompile Include="Game.cpp" />
    <ClCompile Include="ResourceHandler.cpp" />
  </ItemGroup>
  <ItemGroup>
    <ClInclude Include="Game.h" />
    <ClInclude Include="ResourceHandler.h" />
  </ItemGroup>
  <ItemGroup>
    <Filter Include="resource">
      <UniqueIdentifier>{5771d4de-6fb0-475a-ba1d-68b9e16e38de}</UniqueIdentifier>
    </Filter>
  </ItemGroup>
</Project>